
Microsoft Visual Studio Solution File, Format Version 12.00
# Visual Studio Version 17
VisualStudioVersion = 17.9.34723.18
MinimumVisualStudioVersion = 10.0.40219.1
Project("{FAE04EC0-301F-11D3-BF4B-00C04F79EFBC}") = "Tournament_422_SHAGIAHMETOV_AMIN_AIRATOVICH", "Tournament_422_SHAGIAHMETOV_AMIN_AIRATOVICH\Tournament_422_SHAGIAHMETOV_AMIN_AIRATOVICH.csproj", "{0BACB4B6-2E05-43C7-905A-11D3694F5A38}"
EndProject
Global
	GlobalSection(SolutionConfigurationPlatforms) = preSolution
		Debug|Any CPU = Debug|Any CPU
		Release|Any CPU = Release|Any CPU
	EndGlobalSection
	GlobalSection(ProjectConfigurationPlatforms) = postSolution
		{0BACB4B6-2E05-43C7-905A-11D3694F5A38}.Debug|Any CPU.ActiveCfg = Debug|Any CPU
		{0BACB4B6-2E05-43C7-905A-11D3694F5A38}.Debug|Any CPU.Build.0 = Debug|Any CPU
		{0BACB4B6-2E05-43C7-905A-11D3694F5A38}.Release|Any CPU.ActiveCfg = Release|Any CPU
		{0BACB4B6-2E05-43C7-905A-11D3694F5A38}.Release|Any CPU.Build.0 = Release|Any CPU
	EndGlobalSection
	GlobalSection(SolutionProperties) = preSolution
		HideSolutionNode = FALSE
	EndGlobalSection
	GlobalSection(ExtensibilityGlobals) = postSolution
		SolutionGuid = {229F237E-69A4-4EF8-AAE3-2B04EE278780}
	EndGlobalSection
EndGlobal
